
Microsoft Visual Studio Solution File, Format Version 12.00
# Visual Studio Version 17
VisualStudioVersion = 17.2.32602.215
MinimumVisualStudioVersion = 10.0.40219.1
Project("{FAE04EC0-301F-11D3-BF4B-00C04F79EFBC}") = "AuditModels", "AuditModels\AuditModels.csproj", "{2CFEB4F2-BE6E-42C2-84A2-54F01DA474EE}"
EndProject
Global
	GlobalSection(SolutionConfigurationPlatforms) = preSolution
		Debug|Any CPU = Debug|Any CPU
		Release|Any CPU = Release|Any CPU
	EndGlobalSection
	GlobalSection(ProjectConfigurationPlatforms) = postSolution
		{2CFEB4F2-BE6E-42C2-84A2-54F01DA474EE}.Debug|Any CPU.ActiveCfg = Debug|Any CPU
		{2CFEB4F2-BE6E-42C2-84A2-54F01DA474EE}.Debug|Any CPU.Build.0 = Debug|Any CPU
		{2CFEB4F2-BE6E-42C2-84A2-54F01DA474EE}.Release|Any CPU.ActiveCfg = Release|Any CPU
		{2CFEB4F2-BE6E-42C2-84A2-54F01DA474EE}.Release|Any CPU.Build.0 = Release|Any CPU
	EndGlobalSection
	GlobalSection(SolutionProperties) = preSolution
		HideSolutionNode = FALSE
	EndGlobalSection
	GlobalSection(ExtensibilityGlobals) = postSolution
		SolutionGuid = {BE5DD2F9-26E0-4F81-B763-84AB68AA94B7}
	EndGlobalSection
EndGlobal
